Microsoft Visual Studio Solution File, Format Version 12.00
# Visual Studio Version 16
VisualStudioVersion = 16.0.30523.141
MinimumVisualStudioVersion = 10.0.40219.1
Project("{FAE04EC0-301F-11D3-BF4B-00C04F79EFBC}") = "AsciiArtGen", "AsciiArtGen.csproj", "{3B84682B-9818-490A-85B8-8E5C9DFF4901}"
EndProject
Global
	GlobalSection(SolutionConfigurationPlatforms) = preSolution
		Debug|Any CPU = Debug|Any CPU
		Release|Any CPU = Release|Any CPU
	EndGlobalSection
	GlobalSection(ProjectConfigurationPlatforms) = postSolution
		{3B84682B-9818-490A-85B8-8E5C9DFF4901}.Debug|Any CPU.ActiveCfg = Debug|Any CPU
		{3B84682B-9818-490A-85B8-8E5C9DFF4901}.Debug|Any CPU.Build.0 = Debug|Any CPU
		{3B84682B-9818-490A-85B8-8E5C9DFF4901}.Release|Any CPU.ActiveCfg = Release|Any CPU
		{3B84682B-9818-490A-85B8-8E5C9DFF4901}.Release|Any CPU.Build.0 = Release|Any CPU
	EndGlobalSection
	GlobalSection(SolutionProperties) = preSolution
		HideSolutionNode = FALSE
	EndGlobalSection
	GlobalSection(ExtensibilityGlobals) = postSolution
		SolutionGuid = {14E961DE-0713-4EB9-B135-A324FBD31154}
	EndGlobalSection
EndGlobal
